
Microsoft Visual Studio Solution File, Format Version 12.00
# Visual Studio Version 16
VisualStudioVersion = 16.0.30804.86
MinimumVisualStudioVersion = 10.0.40219.1
Project("{FAE04EC0-301F-11D3-BF4B-00C04F79EFBC}") = "actualForm", "actualForm.csproj", "{BAF09040-F95A-43CF-A941-6222E6F2A56F}"
EndProject
Project("{2150E333-8FDC-42A3-9474-1A3956D46DE8}") = "Solution Items", "Solution Items", "{BA16C8EF-9B99-40BA-9C49-E145CF9AA44F}"
EndProject
Global
	GlobalSection(SolutionConfigurationPlatforms) = preSolution
		Debug|Any CPU = Debug|Any CPU
		Release|Any CPU = Release|Any CPU
	EndGlobalSection
	GlobalSection(ProjectConfigurationPlatforms) = postSolution
		{BAF09040-F95A-43CF-A941-6222E6F2A56F}.Debug|Any CPU.ActiveCfg = Debug|Any CPU
		{BAF09040-F95A-43CF-A941-6222E6F2A56F}.Debug|Any CPU.Build.0 = Debug|Any CPU
		{BAF09040-F95A-43CF-A941-6222E6F2A56F}.Release|Any CPU.ActiveCfg = Release|Any CPU
		{BAF09040-F95A-43CF-A941-6222E6F2A56F}.Release|Any CPU.Build.0 = Release|Any CPU
	EndGlobalSection
	GlobalSection(SolutionProperties) = preSolution
		HideSolutionNode = FALSE
	EndGlobalSection
	GlobalSection(ExtensibilityGlobals) = postSolution
		SolutionGuid = {40FDFE26-85E7-432F-81F5-B3C8D181D6C7}
	EndGlobalSection
EndGlobal
